// !$*UTF8*$!
{
	archiveVersion = 1;
	classes = {
	};
	objectVersion = 45;
	objects = {

/* Begin PBXBuildFile section */
		1D60589B0D05DD56006BFB54 /* main.m in Sources */ = {isa = PBXBuildFile; fileRef = 29B97316FDCFA39411CA2CEA /* main.m */; };
		1D60589F0D05DD5A006BFB54 /* Foundation.framework in Frameworks */ = {isa = PBXBuildFile; fileRef = 1D30AB110D05D00D00671497 /* Foundation.framework */; };
		1DF5F4E00D08C38300B7A737 /* UIKit.framework in Frameworks */ = {isa = PBXBuildFile; fileRef = 1DF5F4DF0D08C38300B7A737 /* UIKit.framework */; };
		288765590DF743DE002DB57D /* CoreGraphics.framework in Frameworks */ = {isa = PBXBuildFile; fileRef = 288765580DF743DE002DB57D /* CoreGraphics.framework */; };
		C910CBC911284DC6000B9D23 /* CoreData.framework in Frameworks */ = {isa = PBXBuildFile; fileRef = C910CBC811284DC6000B9D23 /* CoreData.framework */; };
		C9177FDE11286D39008FCD2F /* TOAppDelegate.m in Sources */ = {isa = PBXBuildFile; fileRef = C9177FD911286D39008FCD2F /* TOAppDelegate.m */; };
		C9820CEA1131009F005F4CA2 /* NSCalendarAdditions.m in Sources */ = {isa = PBXBuildFile; fileRef = C9820CD21131009F005F4CA2 /* NSCalendarAdditions.m */; };
		C9820CEC1131009F005F4CA2 /* TOGoalViewController.m in Sources */ = {isa = PBXBuildFile; fileRef = C9820CD71131009F005F4CA2 /* TOGoalViewController.m */; };
		C9820CED1131009F005F4CA2 /* TOTimerGoalViewController.m in Sources */ = {isa = PBXBuildFile; fileRef = C9820CD91131009F005F4CA2 /* TOTimerGoalViewController.m */; };
		C9820CEE1131009F005F4CA2 /* TOLogController.m in Sources */ = {isa = PBXBuildFile; fileRef = C9820CDB1131009F005F4CA2 /* TOLogController.m */; };
		C9820CEF1131009F005F4CA2 /* TOLogEntry.m in Sources */ = {isa = PBXBuildFile; fileRef = C9820CDE1131009F005F4CA2 /* TOLogEntry.m */; };
		C9820CF01131009F005F4CA2 /* TOWorkLog.m in Sources */ = {isa = PBXBuildFile; fileRef = C9820CE01131009F005F4CA2 /* TOWorkLog.m */; };
		C9820D431131B1D4005F4CA2 /* TOLogsViewController.m in Sources */ = {isa = PBXBuildFile; fileRef = C9820D411131B1D4005F4CA2 /* TOLogsViewController.m */; };
		C9820E03113213EE005F4CA2 /* TOLogDetailViewController.m in Sources */ = {isa = PBXBuildFile; fileRef = C9820E01113213EE005F4CA2 /* TOLogDetailViewController.m */; };
		C9820E741132243C005F4CA2 /* TOEntryViewController.m in Sources */ = {isa = PBXBuildFile; fileRef = C9820E721132243C005F4CA2 /* TOEntryViewController.m */; };
		C9B53579113B15C000FBCABF /* TOTimerViewController.m in Sources */ = {isa = PBXBuildFile; fileRef = C9B53578113B15C000FBCABF /* TOTimerViewController.m */; };
		C9B535A8113B293E00FBCABF /* TOMainViewController.m in Sources */ = {isa = PBXBuildFile; fileRef = C9B535A7113B293E00FBCABF /* TOMainViewController.m */; };
		C9B535AA113B299100FBCABF /* TOMainViewController.xib in Resources */ = {isa = PBXBuildFile; fileRef = C9B535A9113B299100FBCABF /* TOMainViewController.xib */; };
		C9B5360B113B3CDB00FBCABF /* TOTimerPayViewController.m in Sources */ = {isa = PBXBuildFile; fileRef = C9B5360A113B3CDB00FBCABF /* TOTimerPayViewController.m */; };
		C9B5361C113B634D00FBCABF /* TOTimerPayViewController.xib in Resources */ = {isa = PBXBuildFile; fileRef = C9B5361B113B634D00FBCABF /* TOTimerPayViewController.xib */; };
		C9B53620113B659600FBCABF /* TimerPayScreen.png in Resources */ = {isa = PBXBuildFile; fileRef = C9B5361F113B659600FBCABF /* TimerPayScreen.png */; };
		C9B5363B113B69CB00FBCABF /* Timeout.xcdatamodeld in Sources */ = {isa = PBXBuildFile; fileRef = C9B5363A113B69CB00FBCABF /* Timeout.xcdatamodeld */; };
		C9DE4BF21134BDE100BBF839 /* StartButton.png in Resources */ = {isa = PBXBuildFile; fileRef = C9DE4BEF1134BDE100BBF839 /* StartButton.png */; };
		C9DE4BF31134BDE100BBF839 /* StopButton.png in Resources */ = {isa = PBXBuildFile; fileRef = C9DE4BF01134BDE100BBF839 /* StopButton.png */; };
		C9DE4BF41134BDE100BBF839 /* TimerScreen.png in Resources */ = {isa = PBXBuildFile; fileRef = C9DE4BF11134BDE100BBF839 /* TimerScreen.png */; };
		C9DE4C051134BE2B00BBF839 /* TOGoalViewController.xib in Resources */ = {isa = PBXBuildFile; fileRef = C9DE4BFF1134BE2B00BBF839 /* TOGoalViewController.xib */; };
		C9DE4C061134BE2B00BBF839 /* TOTimerGoalViewController.xib in Resources */ = {isa = PBXBuildFile; fileRef = C9DE4C001134BE2B00BBF839 /* TOTimerGoalViewController.xib */; };
		C9DE4C071134BE2B00BBF839 /* TOMainWindow.xib in Resources */ = {isa = PBXBuildFile; fileRef = C9DE4C011134BE2B00BBF839 /* TOMainWindow.xib */; };
		C9DE4C081134BE2B00BBF839 /* TOEntryViewController.xib in Resources */ = {isa = PBXBuildFile; fileRef = C9DE4C021134BE2B00BBF839 /* TOEntryViewController.xib */; };
		C9DE4C091134BE2B00BBF839 /* TOLogDetailViewController.xib in Resources */ = {isa = PBXBuildFile; fileRef = C9DE4C031134BE2B00BBF839 /* TOLogDetailViewController.xib */; };
		C9DE4C0A1134BE2B00BBF839 /* TOLogsViewController.xib in Resources */ = {isa = PBXBuildFile; fileRef = C9DE4C041134BE2B00BBF839 /* TOLogsViewController.xib */; };
		C9DE4C6811363B7B00BBF839 /* Icon.png in Resources */ = {isa = PBXBuildFile; fileRef = C9DE4C6711363B7B00BBF839 /* Icon.png */; };
		C9DE4C911137614C00BBF839 /* Entitlements.plist in Resources */ = {isa = PBXBuildFile; fileRef = C9DE4C901137614C00BBF839 /* Entitlements.plist */; };
		C9DE4D25113AECF400BBF839 /* TOTimerTypeController.m in Sources */ = {isa = PBXBuildFile; fileRef = C9DE4D23113AECF400BBF839 /* TOTimerTypeController.m */; };
		C9DE4D28113AED2500BBF839 /* TOTimerTypeController.xib in Resources */ = {isa = PBXBuildFile; fileRef = C9DE4D27113AED2500BBF839 /* TOTimerTypeController.xib */; };
/* End PBXBuildFile section */

/* Begin PBXFileReference section */
		1D30AB110D05D00D00671497 /* Foundation.framework */ = {isa = PBXFileReference; lastKnownFileType = wrapper.framework; name = Foundation.framework; path = System/Library/Frameworks/Foundation.framework; sourceTree = SDKROOT; };
		1D6058910D05DD3D006BFB54 /* Timeout.app */ = {isa = PBXFileReference; explicitFileType = wrapper.application; includeInIndex = 0; path = Timeout.app; sourceTree = BUILT_PRODUCTS_DIR; };
		1DF5F4DF0D08C38300B7A737 /* UIKit.framework */ = {isa = PBXFileReference; lastKnownFileType = wrapper.framework; name = UIKit.framework; path = System/Library/Frameworks/UIKit.framework; sourceTree = SDKROOT; };
		288765580DF743DE002DB57D /* CoreGraphics.framework */ = {isa = PBXFileReference; lastKnownFileType = wrapper.framework; name = CoreGraphics.framework; path = System/Library/Frameworks/CoreGraphics.framework; sourceTree = SDKROOT; };
		29B97316FDCFA39411CA2CEA /* main.m */ = {isa = PBXFileReference; fileEncoding = 4; lastKnownFileType = sourcecode.c.objc; path = main.m; sourceTree = "<group>"; };
		32CA4F630368D1EE00C91783 /* Timeout_Prefix.pch */ = {isa = PBXFileReference; fileEncoding = 4; lastKnownFileType = sourcecode.c.h; path = Timeout_Prefix.pch; sourceTree = "<group>"; };
		8D1107310486CEB800E47090 /* Timeout-Info.plist */ = {isa = PBXFileReference; fileEncoding = 4; lastKnownFileType = text.plist.xml; path = "Timeout-Info.plist"; plistStructureDefinitionIdentifier = "com.apple.xcode.plist.structure-definition.iphone.info-plist"; sourceTree = "<group>"; };
		C910CBC811284DC6000B9D23 /* CoreData.framework */ = {isa = PBXFileReference; lastKnownFileType = wrapper.framework; name = CoreData.framework; path = System/Library/Frameworks/CoreData.framework; sourceTree = SDKROOT; };
		C9177FD811286D39008FCD2F /* TOAppDelegate.h */ = {isa = PBXFileReference; fileEncoding = 4; lastKnownFileType = sourcecode.c.h; path = TOAppDelegate.h; sourceTree = "<group>"; };
		C9177FD911286D39008FCD2F /* TOAppDelegate.m */ = {isa = PBXFileReference; fileEncoding = 4; lastKnownFileType = sourcecode.c.objc; path = TOAppDelegate.m; sourceTree = "<group>"; };
		C98209BA1128FCA0005F4CA2 /* Timeout.xcdatamodel */ = {isa = PBXFileReference; fileEncoding = 4; lastKnownFileType = wrapper.xcdatamodel; path = Timeout.xcdatamodel; sourceTree = "<group>"; };
		C9820CD11131009F005F4CA2 /* NSCalendarAdditions.h */ = {isa = PBXFileReference; fileEncoding = 4; lastKnownFileType = sourcecode.c.h; path = NSCalendarAdditions.h; sourceTree = "<group>"; };
		C9820CD21131009F005F4CA2 /* NSCalendarAdditions.m */ = {isa = PBXFileReference; fileEncoding = 4; lastKnownFileType = sourcecode.c.objc; path = NSCalendarAdditions.m; sourceTree = "<group>"; };
		C9820CD61131009F005F4CA2 /* TOGoalViewController.h */ = {isa = PBXFileReference; fileEncoding = 4; lastKnownFileType = sourcecode.c.h; path = TOGoalViewController.h; sourceTree = "<group>"; };
		C9820CD71131009F005F4CA2 /* TOGoalViewController.m */ = {isa = PBXFileReference; fileEncoding = 4; lastKnownFileType = sourcecode.c.objc; path = TOGoalViewController.m; sourceTree = "<group>"; };
		C9820CD81131009F005F4CA2 /* TOTimerGoalViewController.h */ = {isa = PBXFileReference; fileEncoding = 4; lastKnownFileType = sourcecode.c.h; path = TOTimerGoalViewController.h; sourceTree = "<group>"; };
		C9820CD91131009F005F4CA2 /* TOTimerGoalViewController.m */ = {isa = PBXFileReference; fileEncoding = 4; lastKnownFileType = sourcecode.c.objc; path = TOTimerGoalViewController.m; sourceTree = "<group>"; };
		C9820CDA1131009F005F4CA2 /* TOLogController.h */ = {isa = PBXFileReference; fileEncoding = 4; lastKnownFileType = sourcecode.c.h; path = TOLogController.h; sourceTree = "<group>"; };
		C9820CDB1131009F005F4CA2 /* TOLogController.m */ = {isa = PBXFileReference; fileEncoding = 4; lastKnownFileType = sourcecode.c.objc; path = TOLogController.m; sourceTree = "<group>"; };
		C9820CDD1131009F005F4CA2 /* TOLogEntry.h */ = {isa = PBXFileReference; fileEncoding = 4; lastKnownFileType = sourcecode.c.h; path = TOLogEntry.h; sourceTree = "<group>"; };
		C9820CDE1131009F005F4CA2 /* TOLogEntry.m */ = {isa = PBXFileReference; fileEncoding = 4; lastKnownFileType = sourcecode.c.objc; path = TOLogEntry.m; sourceTree = "<group>"; };
		C9820CDF1131009F005F4CA2 /* TOWorkLog.h */ = {isa = PBXFileReference; fileEncoding = 4; lastKnownFileType = sourcecode.c.h; path = TOWorkLog.h; sourceTree = "<group>"; };
		C9820CE01131009F005F4CA2 /* TOWorkLog.m */ = {isa = PBXFileReference; fileEncoding = 4; lastKnownFileType = sourcecode.c.objc; path = TOWorkLog.m; sourceTree = "<group>"; };
		C9820D401131B1D4005F4CA2 /* TOLogsViewController.h */ = {isa = PBXFileReference; fileEncoding = 4; lastKnownFileType = sourcecode.c.h; path = TOLogsViewController.h; sourceTree = "<group>"; };
		C9820D411131B1D4005F4CA2 /* TOLogsViewController.m */ = {isa = PBXFileReference; fileEncoding = 4; lastKnownFileType = sourcecode.c.objc; path = TOLogsViewController.m; sourceTree = "<group>"; };
		C9820E00113213EE005F4CA2 /* TOLogDetailViewController.h */ = {isa = PBXFileReference; fileEncoding = 4; lastKnownFileType = sourcecode.c.h; path = TOLogDetailViewController.h; sourceTree = "<group>"; };
		C9820E01113213EE005F4CA2 /* TOLogDetailViewController.m */ = {isa = PBXFileReference; fileEncoding = 4; lastKnownFileType = sourcecode.c.objc; path = TOLogDetailViewController.m; sourceTree = "<group>"; };
		C9820E711132243C005F4CA2 /* TOEntryViewController.h */ = {isa = PBXFileReference; fileEncoding = 4; lastKnownFileType = sourcecode.c.h; path = TOEntryViewController.h; sourceTree = "<group>"; };
		C9820E721132243C005F4CA2 /* TOEntryViewController.m */ = {isa = PBXFileReference; fileEncoding = 4; lastKnownFileType = sourcecode.c.objc; path = TOEntryViewController.m; sourceTree = "<group>"; };
		C9B53577113B15C000FBCABF /* TOTimerViewController.h */ = {isa = PBXFileReference; fileEncoding = 4; lastKnownFileType = sourcecode.c.h; path = TOTimerViewController.h; sourceTree = "<group>"; };
		C9B53578113B15C000FBCABF /* TOTimerViewController.m */ = {isa = PBXFileReference; fileEncoding = 4; lastKnownFileType = sourcecode.c.objc; path = TOTimerViewController.m; sourceTree = "<group>"; };
		C9B535A6113B293E00FBCABF /* TOMainViewController.h */ = {isa = PBXFileReference; fileEncoding = 4; lastKnownFileType = sourcecode.c.h; path = TOMainViewController.h; sourceTree = "<group>"; };
		C9B535A7113B293E00FBCABF /* TOMainViewController.m */ = {isa = PBXFileReference; fileEncoding = 4; lastKnownFileType = sourcecode.c.objc; path = TOMainViewController.m; sourceTree = "<group>"; };
		C9B535A9113B299100FBCABF /* TOMainViewController.xib */ = {isa = PBXFileReference; lastKnownFileType = file.xib; name = TOMainViewController.xib; path = XIBs/TOMainViewController.xib; sourceTree = "<group>"; };
		C9B53609113B3CDB00FBCABF /* TOTimerPayViewController.h */ = {isa = PBXFileReference; fileEncoding = 4; lastKnownFileType = sourcecode.c.h; path = TOTimerPayViewController.h; sourceTree = "<group>"; };
		C9B5360A113B3CDB00FBCABF /* TOTimerPayViewController.m */ = {isa = PBXFileReference; fileEncoding = 4; lastKnownFileType = sourcecode.c.objc; path = TOTimerPayViewController.m; sourceTree = "<group>"; };
		C9B5361B113B634D00FBCABF /* TOTimerPayViewController.xib */ = {isa = PBXFileReference; lastKnownFileType = file.xib; name = TOTimerPayViewController.xib; path = XIBs/TOTimerPayViewController.xib; sourceTree = "<group>"; };
		C9B5361F113B659600FBCABF /* TimerPayScreen.png */ = {isa = PBXFileReference; lastKnownFileType = image.png; name = TimerPayScreen.png; path = Graphics/TimerPayScreen.png; sourceTree = "<group>"; };
		C9B5363C113B69CB00FBCABF /* Timeout 2.xcdatamodel */ = {isa = PBXFileReference; lastKnownFileType = wrapper.xcdatamodel; path = "Timeout 2.xcdatamodel"; sourceTree = "<group>"; };
		C9DE4BEF1134BDE100BBF839 /* StartButton.png */ = {isa = PBXFileReference; lastKnownFileType = image.png; name = StartButton.png; path = Graphics/StartButton.png; sourceTree = "<group>"; };
		C9DE4BF01134BDE100BBF839 /* StopButton.png */ = {isa = PBXFileReference; lastKnownFileType = image.png; name = StopButton.png; path = Graphics/StopButton.png; sourceTree = "<group>"; };
		C9DE4BF11134BDE100BBF839 /* TimerScreen.png */ = {isa = PBXFileReference; lastKnownFileType = image.png; name = TimerScreen.png; path = Graphics/TimerScreen.png; sourceTree = "<group>"; };
		C9DE4BFF1134BE2B00BBF839 /* TOGoalViewController.xib */ = {isa = PBXFileReference; lastKnownFileType = file.xib; name = TOGoalViewController.xib; path = XIBs/TOGoalViewController.xib; sourceTree = "<group>"; };
		C9DE4C001134BE2B00BBF839 /* TOTimerGoalViewController.xib */ = {isa = PBXFileReference; lastKnownFileType = file.xib; name = TOTimerGoalViewController.xib; path = XIBs/TOTimerGoalViewController.xib; sourceTree = "<group>"; };
		C9DE4C011134BE2B00BBF839 /* TOMainWindow.xib */ = {isa = PBXFileReference; lastKnownFileType = file.xib; name = TOMainWindow.xib; path = XIBs/TOMainWindow.xib; sourceTree = "<group>"; };
		C9DE4C021134BE2B00BBF839 /* TOEntryViewController.xib */ = {isa = PBXFileReference; lastKnownFileType = file.xib; name = TOEntryViewController.xib; path = XIBs/TOEntryViewController.xib; sourceTree = "<group>"; };
		C9DE4C031134BE2B00BBF839 /* TOLogDetailViewController.xib */ = {isa = PBXFileReference; lastKnownFileType = file.xib; name = TOLogDetailViewController.xib; path = XIBs/TOLogDetailViewController.xib; sourceTree = "<group>"; };
		C9DE4C041134BE2B00BBF839 /* TOLogsViewController.xib */ = {isa = PBXFileReference; lastKnownFileType = file.xib; name = TOLogsViewController.xib; path = XIBs/TOLogsViewController.xib; sourceTree = "<group>"; };
		C9DE4C6711363B7B00BBF839 /* Icon.png */ = {isa = PBXFileReference; lastKnownFileType = image.png; name = Icon.png; path = Graphics/Icon.png; sourceTree = "<group>"; };
		C9DE4C901137614C00BBF839 /* Entitlements.plist */ = {isa = PBXFileReference; fileEncoding = 4; lastKnownFileType = text.plist.xml; path = Entitlements.plist; sourceTree = "<group>"; };
		C9DE4D22113AECF400BBF839 /* TOTimerTypeController.h */ = {isa = PBXFileReference; fileEncoding = 4; lastKnownFileType = sourcecode.c.h; path = TOTimerTypeController.h; sourceTree = "<group>"; };
		C9DE4D23113AECF400BBF839 /* TOTimerTypeController.m */ = {isa = PBXFileReference; fileEncoding = 4; lastKnownFileType = sourcecode.c.objc; path = TOTimerTypeController.m; sourceTree = "<group>"; };
		C9DE4D27113AED2500BBF839 /* TOTimerTypeController.xib */ = {isa = PBXFileReference; lastKnownFileType = file.xib; name = TOTimerTypeController.xib; path = XIBs/TOTimerTypeController.xib; sourceTree = "<group>"; };
/* End PBXFileReference section */

/* Begin PBXFrameworksBuildPhase section */
		1D60588F0D05DD3D006BFB54 /* Frameworks */ = {
			isa = PBXFrameworksBuildPhase;
			buildActionMask = 2147483647;
			files = (
				1D60589F0D05DD5A006BFB54 /* Foundation.framework in Frameworks */,
				1DF5F4E00D08C38300B7A737 /* UIKit.framework in Frameworks */,
				288765590DF743DE002DB57D /* CoreGraphics.framework in Frameworks */,
				C910CBC911284DC6000B9D23 /* CoreData.framework in Frameworks */,
			);
			runOnlyForDeploymentPostprocessing = 0;
		};
/* End PBXFrameworksBuildPhase section */

/* Begin PBXGroup section */
		080E96DDFE201D6D7F000001 /* Application Delegate */ = {
			isa = PBXGroup;
			children = (
				C9177FD811286D39008FCD2F /* TOAppDelegate.h */,
				C9177FD911286D39008FCD2F /* TOAppDelegate.m */,
			);
			name = "Application Delegate";
			path = Classes;
			sourceTree = "<group>";
		};
		19C28FACFE9D520D11CA2CBB /* Products */ = {
			isa = PBXGroup;
			children = (
				1D6058910D05DD3D006BFB54 /* Timeout.app */,
			);
			name = Products;
			sourceTree = "<group>";
		};
		29B97314FDCFA39411CA2CEA /* CustomTemplate */ = {
			isa = PBXGroup;
			children = (
				C9820CD01131009F005F4CA2 /* Categories */,
				C9820CD31131009F005F4CA2 /* Controllers */,
				C9820CDC1131009F005F4CA2 /* Models */,
				C9820CE31131009F005F4CA2 /* Views */,
				080E96DDFE201D6D7F000001 /* Application Delegate */,
				29B97315FDCFA39411CA2CEA /* Other Sources */,
				29B97317FDCFA39411CA2CEA /* Resources */,
				29B97323FDCFA39411CA2CEA /* Frameworks */,
				19C28FACFE9D520D11CA2CBB /* Products */,
				C910CBC811284DC6000B9D23 /* CoreData.framework */,
				C9DE4C901137614C00BBF839 /* Entitlements.plist */,
			);
			name = CustomTemplate;
			sourceTree = "<group>";
		};
		29B97315FDCFA39411CA2CEA /* Other Sources */ = {
			isa = PBXGroup;
			children = (
				32CA4F630368D1EE00C91783 /* Timeout_Prefix.pch */,
				29B97316FDCFA39411CA2CEA /* main.m */,
			);
			name = "Other Sources";
			sourceTree = "<group>";
		};
		29B97317FDCFA39411CA2CEA /* Resources */ = {
			isa = PBXGroup;
			children = (
				C9DE4C6711363B7B00BBF839 /* Icon.png */,
				C9DE4BEF1134BDE100BBF839 /* StartButton.png */,
				C9DE4BF01134BDE100BBF839 /* StopButton.png */,
				C9B5361F113B659600FBCABF /* TimerPayScreen.png */,
				C9DE4BF11134BDE100BBF839 /* TimerScreen.png */,
				C9DE4BFF1134BE2B00BBF839 /* TOGoalViewController.xib */,
				C9DE4C001134BE2B00BBF839 /* TOTimerGoalViewController.xib */,
				C9DE4C011134BE2B00BBF839 /* TOMainWindow.xib */,
				C9DE4D27113AED2500BBF839 /* TOTimerTypeController.xib */,
				C9DE4C021134BE2B00BBF839 /* TOEntryViewController.xib */,
				C9DE4C031134BE2B00BBF839 /* TOLogDetailViewController.xib */,
				C9DE4C041134BE2B00BBF839 /* TOLogsViewController.xib */,
				C9B535A9113B299100FBCABF /* TOMainViewController.xib */,
				C9B5361B113B634D00FBCABF /* TOTimerPayViewController.xib */,
				8D1107310486CEB800E47090 /* Timeout-Info.plist */,
				C9B5363A113B69CB00FBCABF /* Timeout.xcdatamodeld */,
			);
			name = Resources;
			sourceTree = "<group>";
		};
		29B97323FDCFA39411CA2CEA /* Frameworks */ = {
			isa = PBXGroup;
			children = (
				1DF5F4DF0D08C38300B7A737 /* UIKit.framework */,
				1D30AB110D05D00D00671497 /* Foundation.framework */,
				288765580DF743DE002DB57D /* CoreGraphics.framework */,
			);
			name = Frameworks;
			sourceTree = "<group>";
		};
		C9820CD01131009F005F4CA2 /* Categories */ = {
			isa = PBXGroup;
			children = (
				C9820CD11131009F005F4CA2 /* NSCalendarAdditions.h */,
				C9820CD21131009F005F4CA2 /* NSCalendarAdditions.m */,
			);
			name = Categories;
			path = Classes/Categories;
			sourceTree = "<group>";
		};
		C9820CD31131009F005F4CA2 /* Controllers */ = {
			isa = PBXGroup;
			children = (
				C9820CD61131009F005F4CA2 /* TOGoalViewController.h */,
				C9820CD71131009F005F4CA2 /* TOGoalViewController.m */,
				C9820CD81131009F005F4CA2 /* TOTimerGoalViewController.h */,
				C9820CD91131009F005F4CA2 /* TOTimerGoalViewController.m */,
				C9820CDA1131009F005F4CA2 /* TOLogController.h */,
				C9820CDB1131009F005F4CA2 /* TOLogController.m */,
				C9820D401131B1D4005F4CA2 /* TOLogsViewController.h */,
				C9820D411131B1D4005F4CA2 /* TOLogsViewController.m */,
				C9820E00113213EE005F4CA2 /* TOLogDetailViewController.h */,
				C9820E01113213EE005F4CA2 /* TOLogDetailViewController.m */,
				C9820E711132243C005F4CA2 /* TOEntryViewController.h */,
				C9820E721132243C005F4CA2 /* TOEntryViewController.m */,
				C9DE4D22113AECF400BBF839 /* TOTimerTypeController.h */,
				C9DE4D23113AECF400BBF839 /* TOTimerTypeController.m */,
				C9B53577113B15C000FBCABF /* TOTimerViewController.h */,
				C9B53578113B15C000FBCABF /* TOTimerViewController.m */,
				C9B535A6113B293E00FBCABF /* TOMainViewController.h */,
				C9B535A7113B293E00FBCABF /* TOMainViewController.m */,
				C9B53609113B3CDB00FBCABF /* TOTimerPayViewController.h */,
				C9B5360A113B3CDB00FBCABF /* TOTimerPayViewController.m */,
			);
			name = Controllers;
			path = Classes/Controllers;
			sourceTree = "<group>";
		};
		C9820CDC1131009F005F4CA2 /* Models */ = {
			isa = PBXGroup;
			children = (
				C9820CDD1131009F005F4CA2 /* TOLogEntry.h */,
				C9820CDE1131009F005F4CA2 /* TOLogEntry.m */,
				C9820CDF1131009F005F4CA2 /* TOWorkLog.h */,
				C9820CE01131009F005F4CA2 /* TOWorkLog.m */,
			);
			name = Models;
			path = Classes/Models;
			sourceTree = "<group>";
		};
		C9820CE31131009F005F4CA2 /* Views */ = {
			isa = PBXGroup;
			children = (
			);
			name = Views;
			path = Classes/Views;
			sourceTree = "<group>";
		};
/* End PBXGroup section */

/* Begin PBXNativeTarget section */
		1D6058900D05DD3D006BFB54 /* Timeout */ = {
			isa = PBXNativeTarget;
			buildConfigurationList = 1D6058960D05DD3E006BFB54 /* Build configuration list for PBXNativeTarget "Timeout" */;
			buildPhases = (
				1D60588D0D05DD3D006BFB54 /* Resources */,
				1D60588E0D05DD3D006BFB54 /* Sources */,
				1D60588F0D05DD3D006BFB54 /* Frameworks */,
			);
			buildRules = (
			);
			dependencies = (
			);
			name = Timeout;
			productName = Timeout;
			productReference = 1D6058910D05DD3D006BFB54 /* Timeout.app */;
			productType = "com.apple.product-type.application";
		};
/* End PBXNativeTarget section */

/* Begin PBXProject section */
		29B97313FDCFA39411CA2CEA /* Project object */ = {
			isa = PBXProject;
			buildConfigurationList = C01FCF4E08A954540054247B /* Build configuration list for PBXProject "Timeout" */;
			compatibilityVersion = "Xcode 3.1";
			hasScannedForEncodings = 1;
			knownRegions = (
				English,
				Japanese,
				French,
				German,
				en,
			);
			mainGroup = 29B97314FDCFA39411CA2CEA /* CustomTemplate */;
			projectDirPath = "";
			projectRoot = "";
			targets = (
				1D6058900D05DD3D006BFB54 /* Timeout */,
			);
		};
/* End PBXProject section */

/* Begin PBXResourcesBuildPhase section */
		1D60588D0D05DD3D006BFB54 /* Resources */ = {
			isa = PBXResourcesBuildPhase;
			buildActionMask = 2147483647;
			files = (
				C9DE4BF21134BDE100BBF839 /* StartButton.png in Resources */,
				C9DE4BF31134BDE100BBF839 /* StopButton.png in Resources */,
				C9DE4BF41134BDE100BBF839 /* TimerScreen.png in Resources */,
				C9DE4C051134BE2B00BBF839 /* TOGoalViewController.xib in Resources */,
				C9DE4C061134BE2B00BBF839 /* TOTimerGoalViewController.xib in Resources */,
				C9DE4C071134BE2B00BBF839 /* TOMainWindow.xib in Resources */,
				C9DE4C081134BE2B00BBF839 /* TOEntryViewController.xib in Resources */,
				C9DE4C091134BE2B00BBF839 /* TOLogDetailViewController.xib in Resources */,
				C9DE4C0A1134BE2B00BBF839 /* TOLogsViewController.xib in Resources */,
				C9DE4C6811363B7B00BBF839 /* Icon.png in Resources */,
				C9DE4C911137614C00BBF839 /* Entitlements.plist in Resources */,
				C9DE4D28113AED2500BBF839 /* TOTimerTypeController.xib in Resources */,
				C9B535AA113B299100FBCABF /* TOMainViewController.xib in Resources */,
				C9B5361C113B634D00FBCABF /* TOTimerPayViewController.xib in Resources */,
				C9B53620113B659600FBCABF /* TimerPayScreen.png in Resources */,
			);
			runOnlyForDeploymentPostprocessing = 0;
		};
/* End PBXResourcesBuildPhase section */

/* Begin PBXSourcesBuildPhase section */
		1D60588E0D05DD3D006BFB54 /* Sources */ = {
			isa = PBXSourcesBuildPhase;
			buildActionMask = 2147483647;
			files = (
				1D60589B0D05DD56006BFB54 /* main.m in Sources */,
				C9177FDE11286D39008FCD2F /* TOAppDelegate.m in Sources */,
				C9B5363B113B69CB00FBCABF /* Timeout.xcdatamodeld in Sources */,
				C9820CEA1131009F005F4CA2 /* NSCalendarAdditions.m in Sources */,
				C9820CEC1131009F005F4CA2 /* TOGoalViewController.m in Sources */,
				C9820CED1131009F005F4CA2 /* TOTimerGoalViewController.m in Sources */,
				C9820CEE1131009F005F4CA2 /* TOLogController.m in Sources */,
				C9820CEF1131009F005F4CA2 /* TOLogEntry.m in Sources */,
				C9820CF01131009F005F4CA2 /* TOWorkLog.m in Sources */,
				C9820D431131B1D4005F4CA2 /* TOLogsViewController.m in Sources */,
				C9820E03113213EE005F4CA2 /* TOLogDetailViewController.m in Sources */,
				C9820E741132243C005F4CA2 /* TOEntryViewController.m in Sources */,
				C9DE4D25113AECF400BBF839 /* TOTimerTypeController.m in Sources */,
				C9B53579113B15C000FBCABF /* TOTimerViewController.m in Sources */,
				C9B535A8113B293E00FBCABF /* TOMainViewController.m in Sources */,
				C9B5360B113B3CDB00FBCABF /* TOTimerPayViewController.m in Sources */,
			);
			runOnlyForDeploymentPostprocessing = 0;
		};
/* End PBXSourcesBuildPhase section */

/* Begin XCBuildConfiguration section */
		1D6058940D05DD3E006BFB54 /* Debug */ = {
			isa = XCBuildConfiguration;
			buildSettings = {
				ALWAYS_SEARCH_USER_PATHS = NO;
				COPY_PHASE_STRIP = NO;
				GCC_DYNAMIC_NO_PIC = NO;
				GCC_OPTIMIZATION_LEVEL = 0;
				GCC_PRECOMPILE_PREFIX_HEADER = YES;
				GCC_PREFIX_HEADER = Timeout_Prefix.pch;
				INFOPLIST_FILE = "Timeout-Info.plist";
				PRODUCT_NAME = Timeout;
			};
			name = Debug;
		};
		1D6058950D05DD3E006BFB54 /* Release */ = {
			isa = XCBuildConfiguration;
			buildSettings = {
				ALWAYS_SEARCH_USER_PATHS = NO;
				COPY_PHASE_STRIP = YES;
				GCC_PRECOMPILE_PREFIX_HEADER = YES;
				GCC_PREFIX_HEADER = Timeout_Prefix.pch;
				INFOPLIST_FILE = "Timeout-Info.plist";
				PRODUCT_NAME = Timeout;
			};
			name = Release;
		};
		C01FCF4F08A954540054247B /* Debug */ = {
			isa = XCBuildConfiguration;
			buildSettings = {
				ARCHS = "$(ARCHS_STANDARD_32_BIT)";
				"CODE_SIGN_IDENTITY[sdk=iphoneos*]" = "iPhone Developer";
				GCC_C_LANGUAGE_STANDARD = c99;
				GCC_WARN_ABOUT_RETURN_TYPE = YES;
				GCC_WARN_UNUSED_VARIABLE = YES;
				PREBINDING = NO;
				SDKROOT = iphoneos3.1.3;
			};
			name = Debug;
		};
		C01FCF5008A954540054247B /* Release */ = {
			isa = XCBuildConfiguration;
			buildSettings = {
				ARCHS = "$(ARCHS_STANDARD_32_BIT)";
				"CODE_SIGN_IDENTITY[sdk=iphoneos*]" = "iPhone Developer";
				GCC_C_LANGUAGE_STANDARD = c99;
				GCC_WARN_ABOUT_RETURN_TYPE = YES;
				GCC_WARN_UNUSED_VARIABLE = YES;
				PREBINDING = NO;
				SDKROOT = iphoneos3.1.3;
			};
			name = Release;
		};
		C9DE4C8C113760B500BBF839 /* Distribution */ = {
			isa = XCBuildConfiguration;
			buildSettings = {
				ARCHS = "$(ARCHS_STANDARD_32_BIT)";
				"CODE_SIGN_IDENTITY[sdk=iphoneos*]" = "iPhone Distribution: Matt Moriarity";
				GCC_C_LANGUAGE_STANDARD = c99;
				GCC_WARN_ABOUT_RETURN_TYPE = YES;
				GCC_WARN_UNUSED_VARIABLE = YES;
				PREBINDING = NO;
				"PROVISIONING_PROFILE[sdk=iphoneos*]" = "F8EC212B-5DEA-4123-9584-0E7BAF254ED8";
				SDKROOT = iphoneos3.1.3;
			};
			name = Distribution;
		};
		C9DE4C8D113760B500BBF839 /* Distribution */ = {
			isa = XCBuildConfiguration;
			buildSettings = {
				ALWAYS_SEARCH_USER_PATHS = NO;
				CODE_SIGN_ENTITLEMENTS = Entitlements.plist;
				COPY_PHASE_STRIP = YES;
				GCC_PRECOMPILE_PREFIX_HEADER = YES;
				GCC_PREFIX_HEADER = Timeout_Prefix.pch;
				INFOPLIST_FILE = "Timeout-Info.plist";
				PRODUCT_NAME = Timeout;
			};
			name = Distribution;
		};
		C9DE4CF7113A023200BBF839 /* App Store */ = {
			isa = XCBuildConfiguration;
			buildSettings = {
				ARCHS = "$(ARCHS_STANDARD_32_BIT)";
				"CODE_SIGN_IDENTITY[sdk=iphoneos*]" = "iPhone Distribution: Matt Moriarity";
				GCC_C_LANGUAGE_STANDARD = c99;
				GCC_WARN_ABOUT_RETURN_TYPE = YES;
				GCC_WARN_UNUSED_VARIABLE = YES;
				PREBINDING = NO;
				"PROVISIONING_PROFILE[sdk=iphoneos*]" = "E1626C54-8FDC-4105-954E-ABE8FFD32BE3";
				SDKROOT = iphoneos3.1.3;
			};
			name = "App Store";
		};
		C9DE4CF8113A023200BBF839 /* App Store */ = {
			isa = XCBuildConfiguration;
			buildSettings = {
				ALWAYS_SEARCH_USER_PATHS = NO;
				CODE_SIGN_ENTITLEMENTS = "";
				COPY_PHASE_STRIP = YES;
				GCC_PRECOMPILE_PREFIX_HEADER = YES;
				GCC_PREFIX_HEADER = Timeout_Prefix.pch;
				INFOPLIST_FILE = "Timeout-Info.plist";
				PRODUCT_NAME = Timeout;
			};
			name = "App Store";
		};
/* End XCBuildConfiguration section */

/* Begin XCConfigurationList section */
		1D6058960D05DD3E006BFB54 /* Build configuration list for PBXNativeTarget "Timeout" */ = {
			isa = XCConfigurationList;
			buildConfigurations = (
				1D6058940D05DD3E006BFB54 /* Debug */,
				1D6058950D05DD3E006BFB54 /* Release */,
				C9DE4C8D113760B500BBF839 /* Distribution */,
				C9DE4CF8113A023200BBF839 /* App Store */,
			);
			defaultConfigurationIsVisible = 0;
			defaultConfigurationName = Release;
		};
		C01FCF4E08A954540054247B /* Build configuration list for PBXProject "Timeout" */ = {
			isa = XCConfigurationList;
			buildConfigurations = (
				C01FCF4F08A954540054247B /* Debug */,
				C01FCF5008A954540054247B /* Release */,
				C9DE4C8C113760B500BBF839 /* Distribution */,
				C9DE4CF7113A023200BBF839 /* App Store */,
			);
			defaultConfigurationIsVisible = 0;
			defaultConfigurationName = Release;
		};
/* End XCConfigurationList section */

/* Begin XCVersionGroup section */
		C9B5363A113B69CB00FBCABF /* Timeout.xcdatamodeld */ = {
			isa = XCVersionGroup;
			children = (
				C98209BA1128FCA0005F4CA2 /* Timeout.xcdatamodel */,
				C9B5363C113B69CB00FBCABF /* Timeout 2.xcdatamodel */,
			);
			currentVersion = C9B5363C113B69CB00FBCABF /* Timeout 2.xcdatamodel */;
			path = Timeout.xcdatamodeld;
			sourceTree = "<group>";
			versionGroupType = wrapper.xcdatamodel;
		};
/* End XCVersionGroup section */
	};
	rootObject = 29B97313FDCFA39411CA2CEA /* Project object */;
}
